
Microsoft Visual Studio Solution File, Format Version 12.00
# Visual Studio Version 17
VisualStudioVersion = 17.0.31903.59
MinimumVisualStudioVersion = 10.0.40219.1
Project("{2150E333-8FDC-42A3-9474-1A3956D46DE8}") = "src", "src", "{827E0CD3-B72D-47B6-A68D-7590B98EB39B}"
EndProject
Project("{FAE04EC0-301F-11D3-BF4B-00C04F79EFBC}") = "ResearchManagement.Domain", "src\ResearchManagement.Domain\ResearchManagement.Domain.csproj", "{E949D879-D774-491C-8D64-F75F75978AC8}"
EndProject
Project("{FAE04EC0-301F-11D3-BF4B-00C04F79EFBC}") = "ResearchManagement.Application", "src\ResearchManagement.Application\ResearchManagement.Application.csproj", "{C59F733D-2D8D-4267-A097-9677E127D317}"
EndProject
Project("{FAE04EC0-301F-11D3-BF4B-00C04F79EFBC}") = "ResearchManagement.Infrastructure", "src\ResearchManagement.Infrastructure\ResearchManagement.Infrastructure.csproj", "{CCA44CF7-3C8E-4E66-9EC2-4B813179F6B6}"
EndProject
Project("{FAE04EC0-301F-11D3-BF4B-00C04F79EFBC}") = "ResearchManagement.Web", "src\ResearchManagement.Web\ResearchManagement.Web.csproj", "{96A34158-83EA-4132-813E-850DE725D5D5}"
EndProject
Global
	GlobalSection(SolutionConfigurationPlatforms) = preSolution
		Debug|Any CPU = Debug|Any CPU
		Debug|x64 = Debug|x64
		Debug|x86 = Debug|x86
		Release|Any CPU = Release|Any CPU
		Release|x64 = Release|x64
		Release|x86 = Release|x86
	EndGlobalSection
	GlobalSection(ProjectConfigurationPlatforms) = postSolution
		{E949D879-D774-491C-8D64-F75F75978AC8}.Debug|Any CPU.ActiveCfg = Debug|Any CPU
		{E949D879-D774-491C-8D64-F75F75978AC8}.Debug|Any CPU.Build.0 = Debug|Any CPU
		{E949D879-D774-491C-8D64-F75F75978AC8}.Debug|x64.ActiveCfg = Debug|Any CPU
		{E949D879-D774-491C-8D64-F75F75978AC8}.Debug|x64.Build.0 = Debug|Any CPU
		{E949D879-D774-491C-8D64-F75F75978AC8}.Debug|x86.ActiveCfg = Debug|Any CPU
		{E949D879-D774-491C-8D64-F75F75978AC8}.Debug|x86.Build.0 = Debug|Any CPU
		{E949D879-D774-491C-8D64-F75F75978AC8}.Release|Any CPU.ActiveCfg = Release|Any CPU
		{E949D879-D774-491C-8D64-F75F75978AC8}.Release|Any CPU.Build.0 = Release|Any CPU
		{E949D879-D774-491C-8D64-F75F75978AC8}.Release|x64.ActiveCfg = Release|Any CPU
		{E949D879-D774-491C-8D64-F75F75978AC8}.Release|x64.Build.0 = Release|Any CPU
		{E949D879-D774-491C-8D64-F75F75978AC8}.Release|x86.ActiveCfg = Release|Any CPU
		{E949D879-D774-491C-8D64-F75F75978AC8}.Release|x86.Build.0 = Release|Any CPU
		{C59F733D-2D8D-4267-A097-9677E127D317}.Debug|Any CPU.ActiveCfg = Debug|Any CPU
		{C59F733D-2D8D-4267-A097-9677E127D317}.Debug|Any CPU.Build.0 = Debug|Any CPU
		{C59F733D-2D8D-4267-A097-9677E127D317}.Debug|x64.ActiveCfg = Debug|Any CPU
		{C59F733D-2D8D-4267-A097-9677E127D317}.Debug|x64.Build.0 = Debug|Any CPU
		{C59F733D-2D8D-4267-A097-9677E127D317}.Debug|x86.ActiveCfg = Debug|Any CPU
		{C59F733D-2D8D-4267-A097-9677E127D317}.Debug|x86.Build.0 = Debug|Any CPU
		{C59F733D-2D8D-4267-A097-9677E127D317}.Release|Any CPU.ActiveCfg = Release|Any CPU
		{C59F733D-2D8D-4267-A097-9677E127D317}.Release|Any CPU.Build.0 = Release|Any CPU
		{C59F733D-2D8D-4267-A097-9677E127D317}.Release|x64.ActiveCfg = Release|Any CPU
		{C59F733D-2D8D-4267-A097-9677E127D317}.Release|x64.Build.0 = Release|Any CPU
		{C59F733D-2D8D-4267-A097-9677E127D317}.Release|x86.ActiveCfg = Release|Any CPU
		{C59F733D-2D8D-4267-A097-9677E127D317}.Release|x86.Build.0 = Release|Any CPU
		{CCA44CF7-3C8E-4E66-9EC2-4B813179F6B6}.Debug|Any CPU.ActiveCfg = Debug|Any CPU
		{CCA44CF7-3C8E-4E66-9EC2-4B813179F6B6}.Debug|Any CPU.Build.0 = Debug|Any CPU
		{CCA44CF7-3C8E-4E66-9EC2-4B813179F6B6}.Debug|x64.ActiveCfg = Debug|Any CPU
		{CCA44CF7-3C8E-4E66-9EC2-4B813179F6B6}.Debug|x64.Build.0 = Debug|Any CPU
		{CCA44CF7-3C8E-4E66-9EC2-4B813179F6B6}.Debug|x86.ActiveCfg = Debug|Any CPU
		{CCA44CF7-3C8E-4E66-9EC2-4B813179F6B6}.Debug|x86.Build.0 = Debug|Any CPU
		{CCA44CF7-3C8E-4E66-9EC2-4B813179F6B6}.Release|Any CPU.ActiveCfg = Release|Any CPU
		{CCA44CF7-3C8E-4E66-9EC2-4B813179F6B6}.Release|Any CPU.Build.0 = Release|Any CPU
		{CCA44CF7-3C8E-4E66-9EC2-4B813179F6B6}.Release|x64.ActiveCfg = Release|Any CPU
		{CCA44CF7-3C8E-4E66-9EC2-4B813179F6B6}.Release|x64.Build.0 = Release|Any CPU
		{CCA44CF7-3C8E-4E66-9EC2-4B813179F6B6}.Release|x86.ActiveCfg = Release|Any CPU
		{CCA44CF7-3C8E-4E66-9EC2-4B813179F6B6}.Release|x86.Build.0 = Release|Any CPU
		{96A34158-83EA-4132-813E-850DE725D5D5}.Debug|Any CPU.ActiveCfg = Debug|Any CPU
		{96A34158-83EA-4132-813E-850DE725D5D5}.Debug|Any CPU.Build.0 = Debug|Any CPU
		{96A34158-83EA-4132-813E-850DE725D5D5}.Debug|x64.ActiveCfg = Debug|Any CPU
		{96A34158-83EA-4132-813E-850DE725D5D5}.Debug|x64.Build.0 = Debug|Any CPU
		{96A34158-83EA-4132-813E-850DE725D5D5}.Debug|x86.ActiveCfg = Debug|Any CPU
		{96A34158-83EA-4132-813E-850DE725D5D5}.Debug|x86.Build.0 = Debug|Any CPU
		{96A34158-83EA-4132-813E-850DE725D5D5}.Release|Any CPU.ActiveCfg = Release|Any CPU
		{96A34158-83EA-4132-813E-850DE725D5D5}.Release|Any CPU.Build.0 = Release|Any CPU
		{96A34158-83EA-4132-813E-850DE725D5D5}.Release|x64.ActiveCfg = Release|Any CPU
		{96A34158-83EA-4132-813E-850DE725D5D5}.Release|x64.Build.0 = Release|Any CPU
		{96A34158-83EA-4132-813E-850DE725D5D5}.Release|x86.ActiveCfg = Release|Any CPU
		{96A34158-83EA-4132-813E-850DE725D5D5}.Release|x86.Build.0 = Release|Any CPU
	EndGlobalSection
	GlobalSection(SolutionProperties) = preSolution
		HideSolutionNode = FALSE
	EndGlobalSection
	GlobalSection(NestedProjects) = preSolution
		{E949D879-D774-491C-8D64-F75F75978AC8} = {827E0CD3-B72D-47B6-A68D-7590B98EB39B}
		{C59F733D-2D8D-4267-A097-9677E127D317} = {827E0CD3-B72D-47B6-A68D-7590B98EB39B}
		{CCA44CF7-3C8E-4E66-9EC2-4B813179F6B6} = {827E0CD3-B72D-47B6-A68D-7590B98EB39B}
		{96A34158-83EA-4132-813E-850DE725D5D5} = {827E0CD3-B72D-47B6-A68D-7590B98EB39B}
	EndGlobalSection
EndGlobal
